
Microsoft Visual Studio Solution File, Format Version 12.00
# Visual Studio Version 17
VisualStudioVersion = 17.5.33516.290
MinimumVisualStudioVersion = 10.0.40219.1
Project("{888888A0-9F3D-457C-B088-3A5042F75D52}") = "modulefixprinters", "modulefixprinters\modulefixprinters.pyproj", "{4507DA7C-ADB6-428E-B2BE-FD8AF5D7D5AC}"
EndProject
Global
	GlobalSection(SolutionConfigurationPlatforms) = preSolution
		Debug|Any CPU = Debug|Any CPU
		Release|Any CPU = Release|Any CPU
	EndGlobalSection
	GlobalSection(ProjectConfigurationPlatforms) = postSolution
		{4507DA7C-ADB6-428E-B2BE-FD8AF5D7D5AC}.Debug|Any CPU.ActiveCfg = Debug|Any CPU
		{4507DA7C-ADB6-428E-B2BE-FD8AF5D7D5AC}.Release|Any CPU.ActiveCfg = Release|Any CPU
	EndGlobalSection
	GlobalSection(SolutionProperties) = preSolution
		HideSolutionNode = FALSE
	EndGlobalSection
	GlobalSection(ExtensibilityGlobals) = postSolution
		SolutionGuid = {7494D94B-F28D-46E7-BF4F-B847C5E7ED58}
	EndGlobalSection
EndGlobal
